
Microsoft Visual Studio Solution File, Format Version 12.00
# Visual Studio Version 17
VisualStudioVersion = 17.14.36804.6 d17.14
MinimumVisualStudioVersion = 10.0.40219.1
Project("{FAE04EC0-301F-11D3-BF4B-00C04F79EFBC}") = "MLR", "MLR.csproj", "{22D985B1-C479-4068-3646-D558428C314C}"
EndProject
Global
	GlobalSection(SolutionConfigurationPlatforms) = preSolution
		Debug|Any CPU = Debug|Any CPU
		Release|Any CPU = Release|Any CPU
	EndGlobalSection
	GlobalSection(ProjectConfigurationPlatforms) = postSolution
		{22D985B1-C479-4068-3646-D558428C314C}.Debug|Any CPU.ActiveCfg = Debug|Any CPU
		{22D985B1-C479-4068-3646-D558428C314C}.Debug|Any CPU.Build.0 = Debug|Any CPU
		{22D985B1-C479-4068-3646-D558428C314C}.Release|Any CPU.ActiveCfg = Release|Any CPU
		{22D985B1-C479-4068-3646-D558428C314C}.Release|Any CPU.Build.0 = Release|Any CPU
	EndGlobalSection
	GlobalSection(SolutionProperties) = preSolution
		HideSolutionNode = FALSE
	EndGlobalSection
	GlobalSection(ExtensibilityGlobals) = postSolution
		SolutionGuid = {981BAA6D-69EE-4DA1-B1EA-3620851A5A9E}
	EndGlobalSection
EndGlobal
